
Microsoft Visual Studio Solution File, Format Version 12.00
# Visual Studio 14
VisualStudioVersion = 14.0.25123.0
MinimumVisualStudioVersion = 10.0.40219.1
Project("{FAE04EC0-301F-11D3-BF4B-00C04F79EFBC}") = "PolygraphyCalculator", "PolygraphyCalculator\PolygraphyCalculator.csproj", "{74C9797C-8B50-45C4-879D-961CCEF9BE86}"
EndProject
Project("{FAE04EC0-301F-11D3-BF4B-00C04F79EFBC}") = "BookProduction", "BookProduction\BookProduction.csproj", "{6565428D-14B1-4921-8862-76462B4F3D33}"
EndProject
Project("{FAE04EC0-301F-11D3-BF4B-00C04F79EFBC}") = "ExecutableProject", "ExecutableProject\ExecutableProject.csproj", "{BF8ADAFA-CD75-4E7B-A18C-2C7B6E92DF3F}"
EndProject
Project("{F088123C-0E9E-452A-89E6-6BA2F21D5CAC}") = "ModelingProject2", "ModelingProject2\ModelingProject2.modelproj", "{DD04899B-0749-43C8-92DE-DB7CC411F40A}"
EndProject
Project("{F088123C-0E9E-452A-89E6-6BA2F21D5CAC}") = "UML_BookProduction", "UML_BookProduction\UML_BookProduction.modelproj", "{A89ED5E9-D780-411D-B500-DAA3EBC3E4D7}"
EndProject
Global
	GlobalSection(SolutionConfigurationPlatforms) = preSolution
		Debug|Any CPU = Debug|Any CPU
		Release|Any CPU = Release|Any CPU
	EndGlobalSection
	GlobalSection(ProjectConfigurationPlatforms) = postSolution
		{74C9797C-8B50-45C4-879D-961CCEF9BE86}.Debug|Any CPU.ActiveCfg = Debug|Any CPU
		{74C9797C-8B50-45C4-879D-961CCEF9BE86}.Debug|Any CPU.Build.0 = Debug|Any CPU
		{74C9797C-8B50-45C4-879D-961CCEF9BE86}.Release|Any CPU.ActiveCfg = Release|Any CPU
		{74C9797C-8B50-45C4-879D-961CCEF9BE86}.Release|Any CPU.Build.0 = Release|Any CPU
		{6565428D-14B1-4921-8862-76462B4F3D33}.Debug|Any CPU.ActiveCfg = Debug|Any CPU
		{6565428D-14B1-4921-8862-76462B4F3D33}.Debug|Any CPU.Build.0 = Debug|Any CPU
		{6565428D-14B1-4921-8862-76462B4F3D33}.Release|Any CPU.ActiveCfg = Release|Any CPU
		{6565428D-14B1-4921-8862-76462B4F3D33}.Release|Any CPU.Build.0 = Release|Any CPU
		{BF8ADAFA-CD75-4E7B-A18C-2C7B6E92DF3F}.Debug|Any CPU.ActiveCfg = Debug|Any CPU
		{BF8ADAFA-CD75-4E7B-A18C-2C7B6E92DF3F}.Debug|Any CPU.Build.0 = Debug|Any CPU
		{BF8ADAFA-CD75-4E7B-A18C-2C7B6E92DF3F}.Release|Any CPU.ActiveCfg = Release|Any CPU
		{BF8ADAFA-CD75-4E7B-A18C-2C7B6E92DF3F}.Release|Any CPU.Build.0 = Release|Any CPU
		{DD04899B-0749-43C8-92DE-DB7CC411F40A}.Debug|Any CPU.ActiveCfg = Debug|Any CPU
		{DD04899B-0749-43C8-92DE-DB7CC411F40A}.Debug|Any CPU.Build.0 = Debug|Any CPU
		{DD04899B-0749-43C8-92DE-DB7CC411F40A}.Release|Any CPU.ActiveCfg = Release|Any CPU
		{DD04899B-0749-43C8-92DE-DB7CC411F40A}.Release|Any CPU.Build.0 = Release|Any CPU
		{A89ED5E9-D780-411D-B500-DAA3EBC3E4D7}.Debug|Any CPU.ActiveCfg = Debug|Any CPU
		{A89ED5E9-D780-411D-B500-DAA3EBC3E4D7}.Debug|Any CPU.Build.0 = Debug|Any CPU
		{A89ED5E9-D780-411D-B500-DAA3EBC3E4D7}.Release|Any CPU.ActiveCfg = Release|Any CPU
		{A89ED5E9-D780-411D-B500-DAA3EBC3E4D7}.Release|Any CPU.Build.0 = Release|Any CPU
	EndGlobalSection
	GlobalSection(SolutionProperties) = preSolution
		HideSolutionNode = FALSE
	EndGlobalSection
EndGlobal
